
Microsoft Visual Studio Solution File, Format Version 12.00
# Visual Studio 2013
VisualStudioVersion = 12.0.30723.0
MinimumVisualStudioVersion = 10.0.40219.1
Project("{FAE04EC0-301F-11D3-BF4B-00C04F79EFBC}") = "ToDoApp.WebApi", "ToDoApp.WebApi\ToDoApp.WebApi.csproj", "{6FAB2BB4-A972-4751-AF3F-4C9390E6A2AF}"
EndProject
Project("{FAE04EC0-301F-11D3-BF4B-00C04F79EFBC}") = "ToDoApp.Web", "ToDoApp.Web\ToDoApp.Web.csproj", "{435F8208-D486-40FC-B547-2D00388F4544}"
EndProject
Global
	GlobalSection(SolutionConfigurationPlatforms) = preSolution
		Debug|Any CPU = Debug|Any CPU
		Release|Any CPU = Release|Any CPU
	EndGlobalSection
	GlobalSection(ProjectConfigurationPlatforms) = postSolution
		{6FAB2BB4-A972-4751-AF3F-4C9390E6A2AF}.Debug|Any CPU.ActiveCfg = Debug|Any CPU
		{6FAB2BB4-A972-4751-AF3F-4C9390E6A2AF}.Debug|Any CPU.Build.0 = Debug|Any CPU
		{6FAB2BB4-A972-4751-AF3F-4C9390E6A2AF}.Release|Any CPU.ActiveCfg = Release|Any CPU
		{6FAB2BB4-A972-4751-AF3F-4C9390E6A2AF}.Release|Any CPU.Build.0 = Release|Any CPU
		{435F8208-D486-40FC-B547-2D00388F4544}.Debug|Any CPU.ActiveCfg = Debug|Any CPU
		{435F8208-D486-40FC-B547-2D00388F4544}.Debug|Any CPU.Build.0 = Debug|Any CPU
		{435F8208-D486-40FC-B547-2D00388F4544}.Release|Any CPU.ActiveCfg = Release|Any CPU
		{435F8208-D486-40FC-B547-2D00388F4544}.Release|Any CPU.Build.0 = Release|Any CPU
	EndGlobalSection
	GlobalSection(SolutionProperties) = preSolution
		HideSolutionNode = FALSE
	EndGlobalSection
EndGlobal
